
Microsoft Visual Studio Solution File, Format Version 12.00
# Visual Studio 15
VisualStudioVersion = 15.0.28307.757
MinimumVisualStudioVersion = 10.0.40219.1
Project("{FAE04EC0-301F-11D3-BF4B-00C04F79EFBC}") = "Asst_2_Payroll_Manager_CStorms", "Asst_2_Payroll_Manager_CStorms\Asst_2_Payroll_Manager_CStorms.csproj", "{8071CB22-406D-49E6-A8E7-3A64B9866782}"
EndProject
Global
	GlobalSection(SolutionConfigurationPlatforms) = preSolution
		Debug|Any CPU = Debug|Any CPU
		Release|Any CPU = Release|Any CPU
	EndGlobalSection
	GlobalSection(ProjectConfigurationPlatforms) = postSolution
		{8071CB22-406D-49E6-A8E7-3A64B9866782}.Debug|Any CPU.ActiveCfg = Debug|Any CPU
		{8071CB22-406D-49E6-A8E7-3A64B9866782}.Debug|Any CPU.Build.0 = Debug|Any CPU
		{8071CB22-406D-49E6-A8E7-3A64B9866782}.Release|Any CPU.ActiveCfg = Release|Any CPU
		{8071CB22-406D-49E6-A8E7-3A64B9866782}.Release|Any CPU.Build.0 = Release|Any CPU
	EndGlobalSection
	GlobalSection(SolutionProperties) = preSolution
		HideSolutionNode = FALSE
	EndGlobalSection
	GlobalSection(ExtensibilityGlobals) = postSolution
		SolutionGuid = {235445DF-76A7-4DEB-8D13-914AE41EBD49}
	EndGlobalSection
EndGlobal
